<?xml version="1.0" encoding="utf-8"?>
<Project ToolsVersion="4.0" xmlns="http://schemas.microsoft.com/developer/msbuild/2003">
  <ItemGroup>
    <Filter Include="Source Files">
      <UniqueIdentifier>{03312b0b-470a-499d-992c-d07ca4f0bdde}</UniqueIdentifier>
    </Filter>
    <Filter Include="Header Files">
      <UniqueIdentifier>{759925b8-8fc4-4d7c-ab60-8a7d60a36a89}</UniqueIdentifier>
    </Filter>
  </ItemGroup>
  <ItemGroup>
    <ClCompile Include="Toptica_iBeamSmartCW.cpp">
      <Filter>Source Files</Filter>
    </ClCompile>
  </ItemGroup>
  <ItemGroup>
    <ClInclude Include="Toptica_iBeamSmartCW.h">
      <Filter>Header Files</Filter>
    </ClInclude>
  </ItemGroup>
</Project>