<?xml version="1.0" encoding="utf-8"?>
<Project ToolsVersion="4.0" xmlns="http://schemas.microsoft.com/developer/msbuild/2003">
  <ItemGroup>
    <Filter Include="Source Files">
      <UniqueIdentifier>{BD753063-8195-42C6-9015-10A5CE0C4DA8}</UniqueIdentifier>
      <Extensions>cpp;c;cxx;def;odl;idl;hpj;bat;asm;asmx</Extensions>
    </Filter>
    <Filter Include="Header Files">
      <UniqueIdentifier>{65BEAC17-0299-42C8-9086-76AED4AF7E8A}</UniqueIdentifier>
      <Extensions>h;hpp;hxx;hm;inl;inc;xsd</Extensions>
    </Filter>
    <Filter Include="Resource Files">
      <UniqueIdentifier>{D2BC16F9-671D-471D-BB96-3FC139C4B4BD}</UniqueIdentifier>
      <Extensions>rc;ico;cur;bmp;dlg;rc2;rct;bin;rgs;gif;jpg;jpeg;jpe;resx</Extensions>
    </Filter>
  </ItemGroup>
  <ItemGroup>
    <ClCompile Include="SquidHub.cpp">
      <Filter>Source Files</Filter>
    </ClCompile>
    <ClCompile Include="SquidMonitoringThread.cpp">
      <Filter>Source Files</Filter>
    </ClCompile>
    <ClCompile Include="SquidShutter.cpp">
      <Filter>Source Files</Filter>
    </ClCompile>
    <ClCompile Include="SquidXYStage.cpp">
      <Filter>Source Files</Filter>
    </ClCompile>
    <ClCompile Include="SquidZStage.cpp">
      <Filter>Source Files</Filter>
    </ClCompile>
    <ClCompile Include="SquidDA.cpp">
      <Filter>Source Files</Filter>
    </ClCompile>
  </ItemGroup>
  <ItemGroup>
    <ClInclude Include="crc8.h">
      <Filter>Header Files</Filter>
    </ClInclude>
    <ClInclude Include="Squid.h">
      <Filter>Header Files</Filter>
    </ClInclude>
  </ItemGroup>
  <ItemGroup>
    <Text Include="controller-command-set.txt">
      <Filter>Resource Files</Filter>
    </Text>
  </ItemGroup>
</Project>