<?xml version="1.0" encoding="utf-8"?>
<Project ToolsVersion="4.0" xmlns="http://schemas.microsoft.com/developer/msbuild/2003">
  <ItemGroup>
    <Filter Include="Source Files">
      <UniqueIdentifier>{52a0a423-e1bc-49cf-9983-c785611e671f}</UniqueIdentifier>
    </Filter>
    <Filter Include="Header Files">
      <UniqueIdentifier>{891fcdc1-6279-4733-a91f-9e785177f914}</UniqueIdentifier>
    </Filter>
  </ItemGroup>
  <ItemGroup>
    <ClCompile Include="G2SStorage.cpp">
      <Filter>Source Files</Filter>
    </ClCompile>
    <ClCompile Include="G2SBigTiffStorage.cpp">
      <Filter>Source Files</Filter>
    </ClCompile>
    <ClCompile Include="G2SBigTiffDataset.cpp">
      <Filter>Source Files</Filter>
    </ClCompile>
    <ClCompile Include="CFileUtil.cpp">
      <Filter>Source Files</Filter>
    </ClCompile>
    <ClCompile Include="G2SBigTiffStream.cpp">
      <Filter>Source Files</Filter>
    </ClCompile>
  </ItemGroup>
  <ItemGroup>
    <ClInclude Include="G2SStorage.h">
      <Filter>Header Files</Filter>
    </ClInclude>
    <ClInclude Include="G2SBigTiffStorage.h">
      <Filter>Header Files</Filter>
    </ClInclude>
    <ClInclude Include="G2SBigTiffDataset.h">
      <Filter>Header Files</Filter>
    </ClInclude>
    <ClInclude Include="G2SBigTiffStream.h">
      <Filter>Header Files</Filter>
    </ClInclude>
    <ClInclude Include="G2SFileUtil.h">
      <Filter>Header Files</Filter>
    </ClInclude>
  </ItemGroup>
</Project>